
Microsoft Visual Studio Solution File, Format Version 12.00
# Visual Studio Version 16
VisualStudioVersion = 16.0.29728.190
MinimumVisualStudioVersion = 10.0.40219.1
Project("{FAE04EC0-301F-11D3-BF4B-00C04F79EFBC}") = "UriMonitorWeb", "UriMonitorWeb.csproj", "{D40DA3FE-2723-42F1-B3E9-6E9639361809}"
EndProject
Global
	GlobalSection(SolutionConfigurationPlatforms) = preSolution
		Debug|Any CPU = Debug|Any CPU
		Release|Any CPU = Release|Any CPU
	EndGlobalSection
	GlobalSection(ProjectConfigurationPlatforms) = postSolution
		{D40DA3FE-2723-42F1-B3E9-6E9639361809}.Debug|Any CPU.ActiveCfg = Debug|Any CPU
		{D40DA3FE-2723-42F1-B3E9-6E9639361809}.Debug|Any CPU.Build.0 = Debug|Any CPU
		{D40DA3FE-2723-42F1-B3E9-6E9639361809}.Release|Any CPU.ActiveCfg = Release|Any CPU
		{D40DA3FE-2723-42F1-B3E9-6E9639361809}.Release|Any CPU.Build.0 = Release|Any CPU
	EndGlobalSection
	GlobalSection(SolutionProperties) = preSolution
		HideSolutionNode = FALSE
	EndGlobalSection
	GlobalSection(ExtensibilityGlobals) = postSolution
		SolutionGuid = {D0029E02-B055-4CC6-AF2A-6D3C79B6E7A6}
	EndGlobalSection
EndGlobal
